
Microsoft Visual Studio Solution File, Format Version 12.00
# Visual Studio 15
VisualStudioVersion = 15.0.28010.2050
MinimumVisualStudioVersion = 10.0.40219.1
Project("{FAE04EC0-301F-11D3-BF4B-00C04F79EFBC}") = "ComedyWire", "ComedyWire\ComedyWire.csproj", "{E2343188-64D9-4141-A5C1-F3FA72DBC141}"
EndProject
Global
	GlobalSection(SolutionConfigurationPlatforms) = preSolution
		Debug|Any CPU = Debug|Any CPU
		Release|Any CPU = Release|Any CPU
	EndGlobalSection
	GlobalSection(ProjectConfigurationPlatforms) = postSolution
		{E2343188-64D9-4141-A5C1-F3FA72DBC141}.Debug|Any CPU.ActiveCfg = Debug|Any CPU
		{E2343188-64D9-4141-A5C1-F3FA72DBC141}.Debug|Any CPU.Build.0 = Debug|Any CPU
		{E2343188-64D9-4141-A5C1-F3FA72DBC141}.Release|Any CPU.ActiveCfg = Release|Any CPU
		{E2343188-64D9-4141-A5C1-F3FA72DBC141}.Release|Any CPU.Build.0 = Release|Any CPU
	EndGlobalSection
	GlobalSection(SolutionProperties) = preSolution
		HideSolutionNode = FALSE
	EndGlobalSection
	GlobalSection(ExtensibilityGlobals) = postSolution
		SolutionGuid = {E2BB074D-B4D2-415E-B654-CF52A8C9058F}
	EndGlobalSection
EndGlobal
