
Microsoft Visual Studio Solution File, Format Version 12.00
# Visual Studio Version 16
VisualStudioVersion = 16.0.31205.134
MinimumVisualStudioVersion = 10.0.40219.1
Project("{FAE04EC0-301F-11D3-BF4B-00C04F79EFBC}") = "lc_2021_01", "lc_2021_01\lc_2021_01.csproj", "{AEC5983A-692D-4CA3-9319-596A2EBDA992}"
EndProject
Global
	GlobalSection(SolutionConfigurationPlatforms) = preSolution
		Debug|Any CPU = Debug|Any CPU
		Release|Any CPU = Release|Any CPU
	EndGlobalSection
	GlobalSection(ProjectConfigurationPlatforms) = postSolution
		{AEC5983A-692D-4CA3-9319-596A2EBDA992}.Debug|Any CPU.ActiveCfg = Debug|Any CPU
		{AEC5983A-692D-4CA3-9319-596A2EBDA992}.Debug|Any CPU.Build.0 = Debug|Any CPU
		{AEC5983A-692D-4CA3-9319-596A2EBDA992}.Release|Any CPU.ActiveCfg = Release|Any CPU
		{AEC5983A-692D-4CA3-9319-596A2EBDA992}.Release|Any CPU.Build.0 = Release|Any CPU
	EndGlobalSection
	GlobalSection(SolutionProperties) = preSolution
		HideSolutionNode = FALSE
	EndGlobalSection
	GlobalSection(ExtensibilityGlobals) = postSolution
		SolutionGuid = {CCFF0D9C-12A9-4497-825A-6D89607588A2}
	EndGlobalSection
EndGlobal
