
Microsoft Visual Studio Solution File, Format Version 12.00
# Visual Studio 15
VisualStudioVersion = 15.0.28010.2050
MinimumVisualStudioVersion = 10.0.40219.1
Project("{FAE04EC0-301F-11D3-BF4B-00C04F79EFBC}") = "mlp", "mlp\mlp.csproj", "{4F652D80-1706-4390-BCFC-6C5091F17240}"
EndProject
Project("{FAE04EC0-301F-11D3-BF4B-00C04F79EFBC}") = "mlp.Tests", "mlp.Tests\mlp.Tests.csproj", "{A3E9D33E-6AEB-44B9-A9B0-EF53E2F4F760}"
EndProject
Global
	GlobalSection(SolutionConfigurationPlatforms) = preSolution
		Debug|Any CPU = Debug|Any CPU
		Release|Any CPU = Release|Any CPU
	EndGlobalSection
	GlobalSection(ProjectConfigurationPlatforms) = postSolution
		{4F652D80-1706-4390-BCFC-6C5091F17240}.Debug|Any CPU.ActiveCfg = Debug|Any CPU
		{4F652D80-1706-4390-BCFC-6C5091F17240}.Debug|Any CPU.Build.0 = Debug|Any CPU
		{4F652D80-1706-4390-BCFC-6C5091F17240}.Release|Any CPU.ActiveCfg = Release|Any CPU
		{4F652D80-1706-4390-BCFC-6C5091F17240}.Release|Any CPU.Build.0 = Release|Any CPU
		{A3E9D33E-6AEB-44B9-A9B0-EF53E2F4F760}.Debug|Any CPU.ActiveCfg = Debug|Any CPU
		{A3E9D33E-6AEB-44B9-A9B0-EF53E2F4F760}.Debug|Any CPU.Build.0 = Debug|Any CPU
		{A3E9D33E-6AEB-44B9-A9B0-EF53E2F4F760}.Release|Any CPU.ActiveCfg = Release|Any CPU
		{A3E9D33E-6AEB-44B9-A9B0-EF53E2F4F760}.Release|Any CPU.Build.0 = Release|Any CPU
	EndGlobalSection
	GlobalSection(SolutionProperties) = preSolution
		HideSolutionNode = FALSE
	EndGlobalSection
	GlobalSection(ExtensibilityGlobals) = postSolution
		SolutionGuid = {6F74E123-265C-4E73-9E05-805A928ED20B}
	EndGlobalSection
EndGlobal
