
Microsoft Visual Studio Solution File, Format Version 12.00
# Visual Studio 15
VisualStudioVersion = 15.0.28307.421
MinimumVisualStudioVersion = 10.0.40219.1
Project("{FAE04EC0-301F-11D3-BF4B-00C04F79EFBC}") = "PrimitiveTypes", "PrimitiveTypes\PrimitiveTypes.csproj", "{7F314EC2-D2D5-42B5-80A7-C1D763B5528E}"
EndProject
Project("{FAE04EC0-301F-11D3-BF4B-00C04F79EFBC}") = "PrimitiveTypes.Tests", "PrimitiveTypes.Tests\PrimitiveTypes.Tests.csproj", "{04383959-EB32-4572-815C-A869CDEFF194}"
EndProject
Project("{FAE04EC0-301F-11D3-BF4B-00C04F79EFBC}") = "Arrays", "Arrays\Arrays.csproj", "{4841B267-0E50-40EB-87A9-2157A999F405}"
EndProject
Project("{FAE04EC0-301F-11D3-BF4B-00C04F79EFBC}") = "Arrays.Tests", "Arrays.Tests\Arrays.Tests.csproj", "{EA5518FF-975C-43CD-930C-CA56C20D24A8}"
EndProject
Global
	GlobalSection(SolutionConfigurationPlatforms) = preSolution
		Debug|Any CPU = Debug|Any CPU
		Release|Any CPU = Release|Any CPU
	EndGlobalSection
	GlobalSection(ProjectConfigurationPlatforms) = postSolution
		{7F314EC2-D2D5-42B5-80A7-C1D763B5528E}.Debug|Any CPU.ActiveCfg = Debug|Any CPU
		{7F314EC2-D2D5-42B5-80A7-C1D763B5528E}.Debug|Any CPU.Build.0 = Debug|Any CPU
		{7F314EC2-D2D5-42B5-80A7-C1D763B5528E}.Release|Any CPU.ActiveCfg = Release|Any CPU
		{7F314EC2-D2D5-42B5-80A7-C1D763B5528E}.Release|Any CPU.Build.0 = Release|Any CPU
		{04383959-EB32-4572-815C-A869CDEFF194}.Debug|Any CPU.ActiveCfg = Debug|Any CPU
		{04383959-EB32-4572-815C-A869CDEFF194}.Debug|Any CPU.Build.0 = Debug|Any CPU
		{04383959-EB32-4572-815C-A869CDEFF194}.Release|Any CPU.ActiveCfg = Release|Any CPU
		{04383959-EB32-4572-815C-A869CDEFF194}.Release|Any CPU.Build.0 = Release|Any CPU
		{4841B267-0E50-40EB-87A9-2157A999F405}.Debug|Any CPU.ActiveCfg = Debug|Any CPU
		{4841B267-0E50-40EB-87A9-2157A999F405}.Debug|Any CPU.Build.0 = Debug|Any CPU
		{4841B267-0E50-40EB-87A9-2157A999F405}.Release|Any CPU.ActiveCfg = Release|Any CPU
		{4841B267-0E50-40EB-87A9-2157A999F405}.Release|Any CPU.Build.0 = Release|Any CPU
		{EA5518FF-975C-43CD-930C-CA56C20D24A8}.Debug|Any CPU.ActiveCfg = Debug|Any CPU
		{EA5518FF-975C-43CD-930C-CA56C20D24A8}.Debug|Any CPU.Build.0 = Debug|Any CPU
		{EA5518FF-975C-43CD-930C-CA56C20D24A8}.Release|Any CPU.ActiveCfg = Release|Any CPU
		{EA5518FF-975C-43CD-930C-CA56C20D24A8}.Release|Any CPU.Build.0 = Release|Any CPU
	EndGlobalSection
	GlobalSection(SolutionProperties) = preSolution
		HideSolutionNode = FALSE
	EndGlobalSection
	GlobalSection(ExtensibilityGlobals) = postSolution
		SolutionGuid = {F3FA24AE-D567-4B3E-8076-F27E1BD87A95}
	EndGlobalSection
EndGlobal
